
Microsoft Visual Studio Solution File, Format Version 12.00
# Visual Studio Version 17
VisualStudioVersion = 17.6.33712.159
MinimumVisualStudioVersion = 10.0.40219.1
Project("{FAE04EC0-301F-11D3-BF4B-00C04F79EFBC}") = "NVRAMTuner.Client", "NVRAMTuner.Client\NVRAMTuner.Client.csproj", "{BA436DDE-351F-4D81-9603-F8A98B2D0C02}"
EndProject
Global
	GlobalSection(SolutionConfigurationPlatforms) = preSolution
		Debug|Any CPU = Debug|Any CPU
		Release|Any CPU = Release|Any CPU
	EndGlobalSection
	GlobalSection(ProjectConfigurationPlatforms) = postSolution
		{BA436DDE-351F-4D81-9603-F8A98B2D0C02}.Debug|Any CPU.ActiveCfg = Debug|Any CPU
		{BA436DDE-351F-4D81-9603-F8A98B2D0C02}.Debug|Any CPU.Build.0 = Debug|Any CPU
		{BA436DDE-351F-4D81-9603-F8A98B2D0C02}.Release|Any CPU.ActiveCfg = Release|Any CPU
		{BA436DDE-351F-4D81-9603-F8A98B2D0C02}.Release|Any CPU.Build.0 = Release|Any CPU
	EndGlobalSection
	GlobalSection(SolutionProperties) = preSolution
		HideSolutionNode = FALSE
	EndGlobalSection
	GlobalSection(ExtensibilityGlobals) = postSolution
		SolutionGuid = {47093033-C603-4544-8C41-4C060CE2FD10}
	EndGlobalSection
EndGlobal
